
Microsoft Visual Studio Solution File, Format Version 12.00
# Visual Studio Version 16
VisualStudioVersion = 16.0.31129.286
MinimumVisualStudioVersion = 10.0.40219.1
Project("{9A19103F-16F7-4668-BE54-9A1E7A4F7556}") = "RpcTest.Server", "RpcTest.Server\RpcTest.Server.csproj", "{5B71D7C3-5611-4A26-BAC8-AF59BA43217F}"
EndProject
Project("{9A19103F-16F7-4668-BE54-9A1E7A4F7556}") = "RpcTest.Client", "RpcTest.Client\RpcTest.Client.csproj", "{D66E6311-A785-4928-A0B5-057AE11F5282}"
EndProject
Global
	GlobalSection(SolutionConfigurationPlatforms) = preSolution
		Debug|Any CPU = Debug|Any CPU
		Release|Any CPU = Release|Any CPU
	EndGlobalSection
	GlobalSection(ProjectConfigurationPlatforms) = postSolution
		{5B71D7C3-5611-4A26-BAC8-AF59BA43217F}.Debug|Any CPU.ActiveCfg = Debug|Any CPU
		{5B71D7C3-5611-4A26-BAC8-AF59BA43217F}.Debug|Any CPU.Build.0 = Debug|Any CPU
		{5B71D7C3-5611-4A26-BAC8-AF59BA43217F}.Release|Any CPU.ActiveCfg = Release|Any CPU
		{5B71D7C3-5611-4A26-BAC8-AF59BA43217F}.Release|Any CPU.Build.0 = Release|Any CPU
		{D66E6311-A785-4928-A0B5-057AE11F5282}.Debug|Any CPU.ActiveCfg = Debug|Any CPU
		{D66E6311-A785-4928-A0B5-057AE11F5282}.Debug|Any CPU.Build.0 = Debug|Any CPU
		{D66E6311-A785-4928-A0B5-057AE11F5282}.Release|Any CPU.ActiveCfg = Release|Any CPU
		{D66E6311-A785-4928-A0B5-057AE11F5282}.Release|Any CPU.Build.0 = Release|Any CPU
	EndGlobalSection
	GlobalSection(SolutionProperties) = preSolution
		HideSolutionNode = FALSE
	EndGlobalSection
	GlobalSection(ExtensibilityGlobals) = postSolution
		SolutionGuid = {05513021-228C-4E8B-B683-B1968930F5C6}
	EndGlobalSection
EndGlobal
